// !$*UTF8*$!
{
	archiveVersion = 1;
	classes = {
	};
	objectVersion = 46;
	objects = {

/* Begin PBXBuildFile section */
		124A2E731DBBCACA00E0DE0D /* AppDelegate.swift in Sources */ = {isa = PBXBuildFile; fileRef = 124A2E721DBBCACA00E0DE0D /* AppDelegate.swift */; };
		124A2E751DBBCACA00E0DE0D /* ViewController.swift in Sources */ = {isa = PBXBuildFile; fileRef = 124A2E741DBBCACA00E0DE0D /* ViewController.swift */; };
		124A2E781DBBCACA00E0DE0D /* Main.storyboard in Resources */ = {isa = PBXBuildFile; fileRef = 124A2E761DBBCACA00E0DE0D /* Main.storyboard */; };
		124A2E7B1DBBCACA00E0DE0D /* Wist.xcdatamodeld in Sources */ = {isa = PBXBuildFile; fileRef = 124A2E791DBBCACA00E0DE0D /* Wist.xcdatamodeld */; };
		124A2E7D1DBBCACA00E0DE0D /* Assets.xcassets in Resources */ = {isa = PBXBuildFile; fileRef = 124A2E7C1DBBCACA00E0DE0D /* Assets.xcassets */; };
		124A2E801DBBCACA00E0DE0D /* LaunchScreen.storyboard in Resources */ = {isa = PBXBuildFile; fileRef = 124A2E7E1DBBCACA00E0DE0D /* LaunchScreen.storyboard */; };
/* End PBXBuildFile section */

/* Begin PBXFileReference section */
		124A2E6F1DBBCACA00E0DE0D /* Wist.app */ = {isa = PBXFileReference; explicitFileType = wrapper.application; includeInIndex = 0; path = Wist.app; sourceTree = BUILT_PRODUCTS_DIR; };
		124A2E721DBBCACA00E0DE0D /* AppDelegate.swift */ = {isa = PBXFileReference; lastKnownFileType = sourcecode.swift; path = AppDelegate.swift; sourceTree = "<group>"; };
		124A2E741DBBCACA00E0DE0D /* ViewController.swift */ = {isa = PBXFileReference; lastKnownFileType = sourcecode.swift; path = ViewController.swift; sourceTree = "<group>"; };
		124A2E771DBBCACA00E0DE0D /* Base */ = {isa = PBXFileReference; lastKnownFileType = file.storyboard; name = Base; path = Base.lproj/Main.storyboard; sourceTree = "<group>"; };
		124A2E7A1DBBCACA00E0DE0D /* Wist.xcdatamodel */ = {isa = PBXFileReference; lastKnownFileType = wrapper.xcdatamodel; path = Wist.xcdatamodel; sourceTree = "<group>"; };
		124A2E7C1DBBCACA00E0DE0D /* Assets.xcassets */ = {isa = PBXFileReference; lastKnownFileType = folder.assetcatalog; path = Assets.xcassets; sourceTree = "<group>"; };
		124A2E7F1DBBCACA00E0DE0D /* Base */ = {isa = PBXFileReference; lastKnownFileType = file.storyboard; name = Base; path = Base.lproj/LaunchScreen.storyboard; sourceTree = "<group>"; };
		124A2E811DBBCACA00E0DE0D /* Info.plist */ = {isa = PBXFileReference; lastKnownFileType = text.plist.xml; path = Info.plist; sourceTree = "<group>"; };
/* End PBXFileReference section */

/* Begin PBXFrameworksBuildPhase section */
		124A2E6C1DBBCACA00E0DE0D /* Frameworks */ = {
			isa = PBXFrameworksBuildPhase;
			buildActionMask = 2147483647;
			files = (
			);
			runOnlyForDeploymentPostprocessing = 0;
		};
/* End PBXFrameworksBuildPhase section */

/* Begin PBXGroup section */
		124A2E661DBBCACA00E0DE0D = {
			isa = PBXGroup;
			children = (
				124A2E711DBBCACA00E0DE0D /* Wist */,
				124A2E701DBBCACA00E0DE0D /* Products */,
			);
			sourceTree = "<group>";
		};
		124A2E701DBBCACA00E0DE0D /* Products */ = {
			isa = PBXGroup;
			children = (
				124A2E6F1DBBCACA00E0DE0D /* Wist.app */,
			);
			name = Products;
			sourceTree = "<group>";
		};
		124A2E711DBBCACA00E0DE0D /* Wist */ = {
			isa = PBXGroup;
			children = (
				124A2E721DBBCACA00E0DE0D /* AppDelegate.swift */,
				124A2E741DBBCACA00E0DE0D /* ViewController.swift */,
				124A2E761DBBCACA00E0DE0D /* Main.storyboard */,
				124A2E7C1DBBCACA00E0DE0D /* Assets.xcassets */,
				124A2E7E1DBBCACA00E0DE0D /* LaunchScreen.storyboard */,
				124A2E811DBBCACA00E0DE0D /* Info.plist */,
				124A2E791DBBCACA00E0DE0D /* Wist.xcdatamodeld */,
			);
			path = Wist;
			sourceTree = "<group>";
		};
/* End PBXGroup section */

/* Begin PBXNativeTarget section */
		124A2E6E1DBBCACA00E0DE0D /* Wist */ = {
			isa = PBXNativeTarget;
			buildConfigurationList = 124A2E841DBBCACA00E0DE0D /* Build configuration list for PBXNativeTarget "Wist" */;
			buildPhases = (
				124A2E6B1DBBCACA00E0DE0D /* Sources */,
				124A2E6C1DBBCACA00E0DE0D /* Frameworks */,
				124A2E6D1DBBCACA00E0DE0D /* Resources */,
			);
			buildRules = (
			);
			dependencies = (
			);
			name = Wist;
			productName = Wist;
			productReference = 124A2E6F1DBBCACA00E0DE0D /* Wist.app */;
			productType = "com.apple.product-type.application";
		};
/* End PBXNativeTarget section */

/* Begin PBXProject section */
		124A2E671DBBCACA00E0DE0D /* Project object */ = {
			isa = PBXProject;
			attributes = {
				LastSwiftUpdateCheck = 0800;
				LastUpgradeCheck = 0800;
				ORGANIZATIONNAME = "roux g. buciu";
				TargetAttributes = {
					124A2E6E1DBBCACA00E0DE0D = {
						CreatedOnToolsVersion = 8.0;
						DevelopmentTeam = 8DD4C7KK4P;
						ProvisioningStyle = Automatic;
					};
				};
			};
			buildConfigurationList = 124A2E6A1DBBCACA00E0DE0D /* Build configuration list for PBXProject "Wist" */;
			compatibilityVersion = "Xcode 3.2";
			developmentRegion = English;
			hasScannedForEncodings = 0;
			knownRegions = (
				en,
				Base,
			);
			mainGroup = 124A2E661DBBCACA00E0DE0D;
			productRefGroup = 124A2E701DBBCACA00E0DE0D /* Products */;
			projectDirPath = "";
			projectRoot = "";
			targets = (
				124A2E6E1DBBCACA00E0DE0D /* Wist */,
			);
		};
/* End PBXProject section */

/* Begin PBXResourcesBuildPhase section */
		124A2E6D1DBBCACA00E0DE0D /* Resources */ = {
			isa = PBXResourcesBuildPhase;
			buildActionMask = 2147483647;
			files = (
				124A2E801DBBCACA00E0DE0D /* LaunchScreen.storyboard in Resources */,
				124A2E7D1DBBCACA00E0DE0D /* Assets.xcassets in Resources */,
				124A2E781DBBCACA00E0DE0D /* Main.storyboard in Resources */,
			);
			runOnlyForDeploymentPostprocessing = 0;
		};
/* End PBXResourcesBuildPhase section */

/* Begin PBXSourcesBuildPhase section */
		124A2E6B1DBBCACA00E0DE0D /* Sources */ = {
			isa = PBXSourcesBuildPhase;
			buildActionMask = 2147483647;
			files = (
				124A2E751DBBCACA00E0DE0D /* ViewController.swift in Sources */,
				124A2E731DBBCACA00E0DE0D /* AppDelegate.swift in Sources */,
				124A2E7B1DBBCACA00E0DE0D /* Wist.xcdatamodeld in Sources */,
			);
			runOnlyForDeploymentPostprocessing = 0;
		};
/* End PBXSourcesBuildPhase section */

/* Begin PBXVariantGroup section */
		124A2E761DBBCACA00E0DE0D /* Main.storyboard */ = {
			isa = PBXVariantGroup;
			children = (
				124A2E771DBBCACA00E0DE0D /* Base */,
			);
			name = Main.storyboard;
			sourceTree = "<group>";
		};
		124A2E7E1DBBCACA00E0DE0D /* LaunchScreen.storyboard */ = {
			isa = PBXVariantGroup;
			children = (
				124A2E7F1DBBCACA00E0DE0D /* Base */,
			);
			name = LaunchScreen.storyboard;
			sourceTree = "<group>";
		};
/* End PBXVariantGroup section */

/* Begin XCBuildConfiguration section */
		124A2E821DBBCACA00E0DE0D /* Debug */ = {
			isa = XCBuildConfiguration;
			buildSettings = {
				ALWAYS_SEARCH_USER_PATHS = NO;
				CLANG_ANALYZER_NONNULL = YES;
				CLANG_CXX_LANGUAGE_STANDARD = "gnu++0x";
				CLANG_CXX_LIBRARY = "libc++";
				CLANG_ENABLE_MODULES = YES;
				CLANG_ENABLE_OBJC_ARC = YES;
				CLANG_WARN_BOOL_CONVERSION = YES;
				CLANG_WARN_CONSTANT_CONVERSION = YES;
				CLANG_WARN_DIRECT_OBJC_ISA_USAGE = YES_ERROR;
				CLANG_WARN_DOCUMENTATION_COMMENTS = YES;
				CLANG_WARN_EMPTY_BODY = YES;
				CLANG_WARN_ENUM_CONVERSION = YES;
				CLANG_WARN_INFINITE_RECURSION = YES;
				CLANG_WARN_INT_CONVERSION = YES;
				CLANG_WARN_OBJC_ROOT_CLASS = YES_ERROR;
				CLANG_WARN_SUSPICIOUS_MOVES = YES;
				CLANG_WARN_UNREACHABLE_CODE = YES;
				CLANG_WARN__DUPLICATE_METHOD_MATCH = YES;
				"CODE_SIGN_IDENTITY[sdk=iphoneos*]" = "iPhone Developer";
				COPY_PHASE_STRIP = NO;
				DEBUG_INFORMATION_FORMAT = dwarf;
				ENABLE_STRICT_OBJC_MSGSEND = YES;
				ENABLE_TESTABILITY = YES;
				GCC_C_LANGUAGE_STANDARD = gnu99;
				GCC_DYNAMIC_NO_PIC = NO;
				GCC_NO_COMMON_BLOCKS = YES;
				GCC_OPTIMIZATION_LEVEL = 0;
				GCC_PREPROCESSOR_DEFINITIONS = (
					"DEBUG=1",
					"$(inherited)",
				);
				GCC_WARN_64_TO_32_BIT_CONVERSION = YES;
				GCC_WARN_ABOUT_RETURN_TYPE = YES_ERROR;
				GCC_WARN_UNDECLARED_SELECTOR = YES;
				GCC_WARN_UNINITIALIZED_AUTOS = YES_AGGRESSIVE;
				GCC_WARN_UNUSED_FUNCTION = YES;
				GCC_WARN_UNUSED_VARIABLE = YES;
				IPHONEOS_DEPLOYMENT_TARGET = 10.0;
				MTL_ENABLE_DEBUG_INFO = YES;
				ONLY_ACTIVE_ARCH = YES;
				SDKROOT = iphoneos;
				SWIFT_ACTIVE_COMPILATION_CONDITIONS = DEBUG;
				SWIFT_OPTIMIZATION_LEVEL = "-Onone";
				TARGETED_DEVICE_FAMILY = "1,2";
			};
			name = Debug;
		};
		124A2E831DBBCACA00E0DE0D /* Release */ = {
			isa = XCBuildConfiguration;
			buildSettings = {
				ALWAYS_SEARCH_USER_PATHS = NO;
				CLANG_ANALYZER_NONNULL = YES;
				CLANG_CXX_LANGUAGE_STANDARD = "gnu++0x";
				CLANG_CXX_LIBRARY = "libc++";
				CLANG_ENABLE_MODULES = YES;
				CLANG_ENABLE_OBJC_ARC = YES;
				CLANG_WARN_BOOL_CONVERSION = YES;
				CLANG_WARN_CONSTANT_CONVERSION = YES;
				CLANG_WARN_DIRECT_OBJC_ISA_USAGE = YES_ERROR;
				CLANG_WARN_DOCUMENTATION_COMMENTS = YES;
				CLANG_WARN_EMPTY_BODY = YES;
				CLANG_WARN_ENUM_CONVERSION = YES;
				CLANG_WARN_INFINITE_RECURSION = YES;
				CLANG_WARN_INT_CONVERSION = YES;
				CLANG_WARN_OBJC_ROOT_CLASS = YES_ERROR;
				CLANG_WARN_SUSPICIOUS_MOVES = YES;
				CLANG_WARN_UNREACHABLE_CODE = YES;
				CLANG_WARN__DUPLICATE_METHOD_MATCH = YES;
				"CODE_SIGN_IDENTITY[sdk=iphoneos*]" = "iPhone Developer";
				COPY_PHASE_STRIP = NO;
				DEBUG_INFORMATION_FORMAT = "dwarf-with-dsym";
				ENABLE_NS_ASSERTIONS = NO;
				ENABLE_STRICT_OBJC_MSGSEND = YES;
				GCC_C_LANGUAGE_STANDARD = gnu99;
				GCC_NO_COMMON_BLOCKS = YES;
				GCC_WARN_64_TO_32_BIT_CONVERSION = YES;
				GCC_WARN_ABOUT_RETURN_TYPE = YES_ERROR;
				GCC_WARN_UNDECLARED_SELECTOR = YES;
				GCC_WARN_UNINITIALIZED_AUTOS = YES_AGGRESSIVE;
				GCC_WARN_UNUSED_FUNCTION = YES;
				GCC_WARN_UNUSED_VARIABLE = YES;
				IPHONEOS_DEPLOYMENT_TARGET = 10.0;
				MTL_ENABLE_DEBUG_INFO = NO;
				SDKROOT = iphoneos;
				SWIFT_OPTIMIZATION_LEVEL = "-Owholemodule";
				TARGETED_DEVICE_FAMILY = "1,2";
				VALIDATE_PRODUCT = YES;
			};
			name = Release;
		};
		124A2E851DBBCACA00E0DE0D /* Debug */ = {
			isa = XCBuildConfiguration;
			buildSettings = {
				ASSETCATALOG_COMPILER_APPICON_NAME = AppIcon;
				DEVELOPMENT_TEAM = 8DD4C7KK4P;
				INFOPLIST_FILE = Wist/Info.plist;
				LD_RUNPATH_SEARCH_PATHS = "$(inherited) @executable_path/Frameworks";
				PRODUCT_BUNDLE_IDENTIFIER = acmeLabs.Wist;
				PRODUCT_NAME = "$(TARGET_NAME)";
				SWIFT_VERSION = 3.0;
			};
			name = Debug;
		};
		124A2E861DBBCACA00E0DE0D /* Release */ = {
			isa = XCBuildConfiguration;
			buildSettings = {
				ASSETCATALOG_COMPILER_APPICON_NAME = AppIcon;
				DEVELOPMENT_TEAM = 8DD4C7KK4P;
				INFOPLIST_FILE = Wist/Info.plist;
				LD_RUNPATH_SEARCH_PATHS = "$(inherited) @executable_path/Frameworks";
				PRODUCT_BUNDLE_IDENTIFIER = acmeLabs.Wist;
				PRODUCT_NAME = "$(TARGET_NAME)";
				SWIFT_VERSION = 3.0;
			};
			name = Release;
		};
/* End XCBuildConfiguration section */

/* Begin XCConfigurationList section */
		124A2E6A1DBBCACA00E0DE0D /* Build configuration list for PBXProject "Wist" */ = {
			isa = XCConfigurationList;
			buildConfigurations = (
				124A2E821DBBCACA00E0DE0D /* Debug */,
				124A2E831DBBCACA00E0DE0D /* Release */,
			);
			defaultConfigurationIsVisible = 0;
			defaultConfigurationName = Release;
		};
		124A2E841DBBCACA00E0DE0D /* Build configuration list for PBXNativeTarget "Wist" */ = {
			isa = XCConfigurationList;
			buildConfigurations = (
				124A2E851DBBCACA00E0DE0D /* Debug */,
				124A2E861DBBCACA00E0DE0D /* Release */,
			);
			defaultConfigurationIsVisible = 0;
		};
/* End XCConfigurationList section */

/* Begin XCVersionGroup section */
		124A2E791DBBCACA00E0DE0D /* Wist.xcdatamodeld */ = {
			isa = XCVersionGroup;
			children = (
				124A2E7A1DBBCACA00E0DE0D /* Wist.xcdatamodel */,
			);
			currentVersion = 124A2E7A1DBBCACA00E0DE0D /* Wist.xcdatamodel */;
			path = Wist.xcdatamodeld;
			sourceTree = "<group>";
			versionGroupType = wrapper.xcdatamodel;
		};
/* End XCVersionGroup section */
	};
	rootObject = 124A2E671DBBCACA00E0DE0D /* Project object */;
}
